
Microsoft Visual Studio Solution File, Format Version 12.00
# Visual Studio Version 17
VisualStudioVersion = 17.11.35327.3
MinimumVisualStudioVersion = 10.0.40219.1
Project("{9A19103F-16F7-4668-BE54-9A1E7A4F7556}") = "StateMathine", "StateMathine.csproj", "{F4653B38-A027-4F15-A82B-C83BE8B828D7}"
EndProject
Global
	GlobalSection(SolutionConfigurationPlatforms) = preSolution
		Debug|Any CPU = Debug|Any CPU
		Release|Any CPU = Release|Any CPU
	EndGlobalSection
	GlobalSection(ProjectConfigurationPlatforms) = postSolution
		{F4653B38-A027-4F15-A82B-C83BE8B828D7}.Debug|Any CPU.ActiveCfg = Debug|Any CPU
		{F4653B38-A027-4F15-A82B-C83BE8B828D7}.Debug|Any CPU.Build.0 = Debug|Any CPU
		{F4653B38-A027-4F15-A82B-C83BE8B828D7}.Release|Any CPU.ActiveCfg = Release|Any CPU
		{F4653B38-A027-4F15-A82B-C83BE8B828D7}.Release|Any CPU.Build.0 = Release|Any CPU
	EndGlobalSection
	GlobalSection(SolutionProperties) = preSolution
		HideSolutionNode = FALSE
	EndGlobalSection
	GlobalSection(ExtensibilityGlobals) = postSolution
		SolutionGuid = {536FCBFD-0D5E-4B64-A93D-1D6C4D8BECE2}
	EndGlobalSection
EndGlobal
